// !$*UTF8*$!
{
	archiveVersion = 1;
	classes = {
	};
	objectVersion = 46;
	objects = {

/* Begin PBXBuildFile section */
		CC885DB01BCB3481001B771F /* AppDelegate.swift in Sources */ = {isa = PBXBuildFile; fileRef = CC885DAF1BCB3481001B771F /* AppDelegate.swift */; };
		CC885DB21BCB3481001B771F /* ViewController.swift in Sources */ = {isa = PBXBuildFile; fileRef = CC885DB11BCB3481001B771F /* ViewController.swift */; };
		CC885DB51BCB3481001B771F /* Main.storyboard in Resources */ = {isa = PBXBuildFile; fileRef = CC885DB31BCB3481001B771F /* Main.storyboard */; };
		CC885DB71BCB3481001B771F /* Assets.xcassets in Resources */ = {isa = PBXBuildFile; fileRef = CC885DB61BCB3481001B771F /* Assets.xcassets */; };
		CC885DBA1BCB3481001B771F /* LaunchScreen.storyboard in Resources */ = {isa = PBXBuildFile; fileRef = CC885DB81BCB3481001B771F /* LaunchScreen.storyboard */; };
		CC885DD01BCB3587001B771F /* SwiftyLayout.framework in Frameworks */ = {isa = PBXBuildFile; fileRef = CC885DC91BCB3537001B771F /* SwiftyLayout.framework */; };
		CC885DD11BCB3587001B771F /* SwiftyLayout.framework in Embed Frameworks */ = {isa = PBXBuildFile; fileRef = CC885DC91BCB3537001B771F /* SwiftyLayout.framework */; settings = {ATTRIBUTES = (CodeSignOnCopy, RemoveHeadersOnCopy, ); }; };
/* End PBXBuildFile section */

/* Begin PBXContainerItemProxy section */
		CC885DC81BCB3537001B771F /* PBXContainerItemProxy */ = {
			isa = PBXContainerItemProxy;
			containerPortal = CC885DC11BCB3537001B771F /* SwiftyLayout.xcodeproj */;
			proxyType = 2;
			remoteGlobalIDString = CC885D551BCB2AA8001B771F;
			remoteInfo = "SwiftyLayout-iOS";
		};
		CC885DCA1BCB3537001B771F /* PBXContainerItemProxy */ = {
			isa = PBXContainerItemProxy;
			containerPortal = CC885DC11BCB3537001B771F /* SwiftyLayout.xcodeproj */;
			proxyType = 2;
			remoteGlobalIDString = CC885D5F1BCB2AA8001B771F;
			remoteInfo = "SwiftyLayoutTests-iOS";
		};
		CC885DCC1BCB3537001B771F /* PBXContainerItemProxy */ = {
			isa = PBXContainerItemProxy;
			containerPortal = CC885DC11BCB3537001B771F /* SwiftyLayout.xcodeproj */;
			proxyType = 2;
			remoteGlobalIDString = CC885D741BCB2C69001B771F;
			remoteInfo = "SwiftyLayout-Mac";
		};
		CC885DCE1BCB3537001B771F /* PBXContainerItemProxy */ = {
			isa = PBXContainerItemProxy;
			containerPortal = CC885DC11BCB3537001B771F /* SwiftyLayout.xcodeproj */;
			proxyType = 2;
			remoteGlobalIDString = CC885D7D1BCB2C69001B771F;
			remoteInfo = "SwiftyLayoutTests-Mac";
		};
		CC885DD21BCB3587001B771F /* PBXContainerItemProxy */ = {
			isa = PBXContainerItemProxy;
			containerPortal = CC885DC11BCB3537001B771F /* SwiftyLayout.xcodeproj */;
			proxyType = 1;
			remoteGlobalIDString = CC885D541BCB2AA8001B771F;
			remoteInfo = "SwiftyLayout-iOS";
		};
/* End PBXContainerItemProxy section */

/* Begin PBXCopyFilesBuildPhase section */
		CC885DD41BCB3587001B771F /* Embed Frameworks */ = {
			isa = PBXCopyFilesBuildPhase;
			buildActionMask = 2147483647;
			dstPath = "";
			dstSubfolderSpec = 10;
			files = (
				CC885DD11BCB3587001B771F /* SwiftyLayout.framework in Embed Frameworks */,
			);
			name = "Embed Frameworks";
			runOnlyForDeploymentPostprocessing = 0;
		};
/* End PBXCopyFilesBuildPhase section */

/* Begin PBXFileReference section */
		CC885DAC1BCB3481001B771F /* SampleApp-iOS.app */ = {isa = PBXFileReference; explicitFileType = wrapper.application; includeInIndex = 0; path = "SampleApp-iOS.app"; sourceTree = BUILT_PRODUCTS_DIR; };
		CC885DAF1BCB3481001B771F /* AppDelegate.swift */ = {isa = PBXFileReference; lastKnownFileType = sourcecode.swift; path = AppDelegate.swift; sourceTree = "<group>"; };
		CC885DB11BCB3481001B771F /* ViewController.swift */ = {isa = PBXFileReference; lastKnownFileType = sourcecode.swift; path = ViewController.swift; sourceTree = "<group>"; };
		CC885DB41BCB3481001B771F /* Base */ = {isa = PBXFileReference; lastKnownFileType = file.storyboard; name = Base; path = Base.lproj/Main.storyboard; sourceTree = "<group>"; };
		CC885DB61BCB3481001B771F /* Assets.xcassets */ = {isa = PBXFileReference; lastKnownFileType = folder.assetcatalog; path = Assets.xcassets; sourceTree = "<group>"; };
		CC885DB91BCB3481001B771F /* Base */ = {isa = PBXFileReference; lastKnownFileType = file.storyboard; name = Base; path = Base.lproj/LaunchScreen.storyboard; sourceTree = "<group>"; };
		CC885DBB1BCB3481001B771F /* Info.plist */ = {isa = PBXFileReference; lastKnownFileType = text.plist.xml; path = Info.plist; sourceTree = "<group>"; };
		CC885DC11BCB3537001B771F /* SwiftyLayout.xcodeproj */ = {isa = PBXFileReference; lastKnownFileType = "wrapper.pb-project"; name = SwiftyLayout.xcodeproj; path = ../SwiftyLayout.xcodeproj; sourceTree = "<group>"; };
/* End PBXFileReference section */

/* Begin PBXFrameworksBuildPhase section */
		CC885DA91BCB3481001B771F /* Frameworks */ = {
			isa = PBXFrameworksBuildPhase;
			buildActionMask = 2147483647;
			files = (
				CC885DD01BCB3587001B771F /* SwiftyLayout.framework in Frameworks */,
			);
			runOnlyForDeploymentPostprocessing = 0;
		};
/* End PBXFrameworksBuildPhase section */

/* Begin PBXGroup section */
		CC885DA31BCB3481001B771F = {
			isa = PBXGroup;
			children = (
				CC885DAE1BCB3481001B771F /* SampleApp-iOS */,
				CC885DAD1BCB3481001B771F /* Products */,
				CC885DC11BCB3537001B771F /* SwiftyLayout.xcodeproj */,
			);
			sourceTree = "<group>";
		};
		CC885DAD1BCB3481001B771F /* Products */ = {
			isa = PBXGroup;
			children = (
				CC885DAC1BCB3481001B771F /* SampleApp-iOS.app */,
			);
			name = Products;
			sourceTree = "<group>";
		};
		CC885DAE1BCB3481001B771F /* SampleApp-iOS */ = {
			isa = PBXGroup;
			children = (
				CC885DAF1BCB3481001B771F /* AppDelegate.swift */,
				CC885DB11BCB3481001B771F /* ViewController.swift */,
				CC885DB31BCB3481001B771F /* Main.storyboard */,
				CC885DB61BCB3481001B771F /* Assets.xcassets */,
				CC885DB81BCB3481001B771F /* LaunchScreen.storyboard */,
				CC885DBB1BCB3481001B771F /* Info.plist */,
			);
			path = "SampleApp-iOS";
			sourceTree = "<group>";
		};
		CC885DC21BCB3537001B771F /* Products */ = {
			isa = PBXGroup;
			children = (
				CC885DC91BCB3537001B771F /* SwiftyLayout.framework */,
				CC885DCB1BCB3537001B771F /* SwiftyLayoutTests-iOS.xctest */,
				CC885DCD1BCB3537001B771F /* SwiftyLayout.framework */,
				CC885DCF1BCB3537001B771F /* SwiftyLayoutTests-Mac.xctest */,
			);
			name = Products;
			sourceTree = "<group>";
		};
/* End PBXGroup section */

/* Begin PBXNativeTarget section */
		CC885DAB1BCB3481001B771F /* SampleApp-iOS */ = {
			isa = PBXNativeTarget;
			buildConfigurationList = CC885DBE1BCB3481001B771F /* Build configuration list for PBXNativeTarget "SampleApp-iOS" */;
			buildPhases = (
				CC885DA81BCB3481001B771F /* Sources */,
				CC885DA91BCB3481001B771F /* Frameworks */,
				CC885DAA1BCB3481001B771F /* Resources */,
				CC885DD41BCB3587001B771F /* Embed Frameworks */,
			);
			buildRules = (
			);
			dependencies = (
				CC885DD31BCB3587001B771F /* PBXTargetDependency */,
			);
			name = "SampleApp-iOS";
			productName = "SampleApp-iOS";
			productReference = CC885DAC1BCB3481001B771F /* SampleApp-iOS.app */;
			productType = "com.apple.product-type.application";
		};
/* End PBXNativeTarget section */

/* Begin PBXProject section */
		CC885DA41BCB3481001B771F /* Project object */ = {
			isa = PBXProject;
			attributes = {
				LastUpgradeCheck = 0800;
				ORGANIZATIONNAME = "Hisakuni Fujimoto";
				TargetAttributes = {
					CC885DAB1BCB3481001B771F = {
						CreatedOnToolsVersion = 7.0.1;
					};
				};
			};
			buildConfigurationList = CC885DA71BCB3481001B771F /* Build configuration list for PBXProject "SampleApp-iOS" */;
			compatibilityVersion = "Xcode 3.2";
			developmentRegion = English;
			hasScannedForEncodings = 0;
			knownRegions = (
				en,
				Base,
			);
			mainGroup = CC885DA31BCB3481001B771F;
			productRefGroup = CC885DAD1BCB3481001B771F /* Products */;
			projectDirPath = "";
			projectReferences = (
				{
					ProductGroup = CC885DC21BCB3537001B771F /* Products */;
					ProjectRef = CC885DC11BCB3537001B771F /* SwiftyLayout.xcodeproj */;
				},
			);
			projectRoot = "";
			targets = (
				CC885DAB1BCB3481001B771F /* SampleApp-iOS */,
			);
		};
/* End PBXProject section */

/* Begin PBXReferenceProxy section */
		CC885DC91BCB3537001B771F /* SwiftyLayout.framework */ = {
			isa = PBXReferenceProxy;
			fileType = wrapper.framework;
			path = SwiftyLayout.framework;
			remoteRef = CC885DC81BCB3537001B771F /* PBXContainerItemProxy */;
			sourceTree = BUILT_PRODUCTS_DIR;
		};
		CC885DCB1BCB3537001B771F /* SwiftyLayoutTests-iOS.xctest */ = {
			isa = PBXReferenceProxy;
			fileType = wrapper.cfbundle;
			path = "SwiftyLayoutTests-iOS.xctest";
			remoteRef = CC885DCA1BCB3537001B771F /* PBXContainerItemProxy */;
			sourceTree = BUILT_PRODUCTS_DIR;
		};
		CC885DCD1BCB3537001B771F /* SwiftyLayout.framework */ = {
			isa = PBXReferenceProxy;
			fileType = wrapper.framework;
			path = SwiftyLayout.framework;
			remoteRef = CC885DCC1BCB3537001B771F /* PBXContainerItemProxy */;
			sourceTree = BUILT_PRODUCTS_DIR;
		};
		CC885DCF1BCB3537001B771F /* SwiftyLayoutTests-Mac.xctest */ = {
			isa = PBXReferenceProxy;
			fileType = wrapper.cfbundle;
			path = "SwiftyLayoutTests-Mac.xctest";
			remoteRef = CC885DCE1BCB3537001B771F /* PBXContainerItemProxy */;
			sourceTree = BUILT_PRODUCTS_DIR;
		};
/* End PBXReferenceProxy section */

/* Begin PBXResourcesBuildPhase section */
		CC885DAA1BCB3481001B771F /* Resources */ = {
			isa = PBXResourcesBuildPhase;
			buildActionMask = 2147483647;
			files = (
				CC885DBA1BCB3481001B771F /* LaunchScreen.storyboard in Resources */,
				CC885DB71BCB3481001B771F /* Assets.xcassets in Resources */,
				CC885DB51BCB3481001B771F /* Main.storyboard in Resources */,
			);
			runOnlyForDeploymentPostprocessing = 0;
		};
/* End PBXResourcesBuildPhase section */

/* Begin PBXSourcesBuildPhase section */
		CC885DA81BCB3481001B771F /* Sources */ = {
			isa = PBXSourcesBuildPhase;
			buildActionMask = 2147483647;
			files = (
				CC885DB21BCB3481001B771F /* ViewController.swift in Sources */,
				CC885DB01BCB3481001B771F /* AppDelegate.swift in Sources */,
			);
			runOnlyForDeploymentPostprocessing = 0;
		};
/* End PBXSourcesBuildPhase section */

/* Begin PBXTargetDependency section */
		CC885DD31BCB3587001B771F /* PBXTargetDependency */ = {
			isa = PBXTargetDependency;
			name = "SwiftyLayout-iOS";
			targetProxy = CC885DD21BCB3587001B771F /* PBXContainerItemProxy */;
		};
/* End PBXTargetDependency section */

/* Begin PBXVariantGroup section */
		CC885DB31BCB3481001B771F /* Main.storyboard */ = {
			isa = PBXVariantGroup;
			children = (
				CC885DB41BCB3481001B771F /* Base */,
			);
			name = Main.storyboard;
			sourceTree = "<group>";
		};
		CC885DB81BCB3481001B771F /* LaunchScreen.storyboard */ = {
			isa = PBXVariantGroup;
			children = (
				CC885DB91BCB3481001B771F /* Base */,
			);
			name = LaunchScreen.storyboard;
			sourceTree = "<group>";
		};
/* End PBXVariantGroup section */

/* Begin XCBuildConfiguration section */
		CC885DBC1BCB3481001B771F /* Debug */ = {
			isa = XCBuildConfiguration;
			buildSettings = {
				ALWAYS_SEARCH_USER_PATHS = NO;
				CLANG_CXX_LANGUAGE_STANDARD = "gnu++0x";
				CLANG_CXX_LIBRARY = "libc++";
				CLANG_ENABLE_MODULES = YES;
				CLANG_ENABLE_OBJC_ARC = YES;
				CLANG_WARN_BOOL_CONVERSION = YES;
				CLANG_WARN_CONSTANT_CONVERSION = YES;
				CLANG_WARN_DIRECT_OBJC_ISA_USAGE = YES_ERROR;
				CLANG_WARN_EMPTY_BODY = YES;
				CLANG_WARN_ENUM_CONVERSION = YES;
				CLANG_WARN_INFINITE_RECURSION = YES;
				CLANG_WARN_INT_CONVERSION = YES;
				CLANG_WARN_OBJC_ROOT_CLASS = YES_ERROR;
				CLANG_WARN_SUSPICIOUS_MOVE = YES;
				CLANG_WARN_UNREACHABLE_CODE = YES;
				CLANG_WARN__DUPLICATE_METHOD_MATCH = YES;
				"CODE_SIGN_IDENTITY[sdk=iphoneos*]" = "iPhone Developer";
				COPY_PHASE_STRIP = NO;
				DEBUG_INFORMATION_FORMAT = dwarf;
				ENABLE_STRICT_OBJC_MSGSEND = YES;
				ENABLE_TESTABILITY = YES;
				GCC_C_LANGUAGE_STANDARD = gnu99;
				GCC_DYNAMIC_NO_PIC = NO;
				GCC_NO_COMMON_BLOCKS = YES;
				GCC_OPTIMIZATION_LEVEL = 0;
				GCC_PREPROCESSOR_DEFINITIONS = (
					"DEBUG=1",
					"$(inherited)",
				);
				GCC_WARN_64_TO_32_BIT_CONVERSION = YES;
				GCC_WARN_ABOUT_RETURN_TYPE = YES_ERROR;
				GCC_WARN_UNDECLARED_SELECTOR = YES;
				GCC_WARN_UNINITIALIZED_AUTOS = YES_AGGRESSIVE;
				GCC_WARN_UNUSED_FUNCTION = YES;
				GCC_WARN_UNUSED_VARIABLE = YES;
				IPHONEOS_DEPLOYMENT_TARGET = 8.0;
				MTL_ENABLE_DEBUG_INFO = YES;
				ONLY_ACTIVE_ARCH = YES;
				SDKROOT = iphoneos;
				SWIFT_OPTIMIZATION_LEVEL = "-Onone";
				SWIFT_VERSION = 2.3;
				TARGETED_DEVICE_FAMILY = "1,2";
			};
			name = Debug;
		};
		CC885DBD1BCB3481001B771F /* Release */ = {
			isa = XCBuildConfiguration;
			buildSettings = {
				ALWAYS_SEARCH_USER_PATHS = NO;
				CLANG_CXX_LANGUAGE_STANDARD = "gnu++0x";
				CLANG_CXX_LIBRARY = "libc++";
				CLANG_ENABLE_MODULES = YES;
				CLANG_ENABLE_OBJC_ARC = YES;
				CLANG_WARN_BOOL_CONVERSION = YES;
				CLANG_WARN_CONSTANT_CONVERSION = YES;
				CLANG_WARN_DIRECT_OBJC_ISA_USAGE = YES_ERROR;
				CLANG_WARN_EMPTY_BODY = YES;
				CLANG_WARN_ENUM_CONVERSION = YES;
				CLANG_WARN_INFINITE_RECURSION = YES;
				CLANG_WARN_INT_CONVERSION = YES;
				CLANG_WARN_OBJC_ROOT_CLASS = YES_ERROR;
				CLANG_WARN_SUSPICIOUS_MOVE = YES;
				CLANG_WARN_UNREACHABLE_CODE = YES;
				CLANG_WARN__DUPLICATE_METHOD_MATCH = YES;
				"CODE_SIGN_IDENTITY[sdk=iphoneos*]" = "iPhone Developer";
				COPY_PHASE_STRIP = NO;
				DEBUG_INFORMATION_FORMAT = "dwarf-with-dsym";
				ENABLE_NS_ASSERTIONS = NO;
				ENABLE_STRICT_OBJC_MSGSEND = YES;
				GCC_C_LANGUAGE_STANDARD = gnu99;
				GCC_NO_COMMON_BLOCKS = YES;
				GCC_WARN_64_TO_32_BIT_CONVERSION = YES;
				GCC_WARN_ABOUT_RETURN_TYPE = YES_ERROR;
				GCC_WARN_UNDECLARED_SELECTOR = YES;
				GCC_WARN_UNINITIALIZED_AUTOS = YES_AGGRESSIVE;
				GCC_WARN_UNUSED_FUNCTION = YES;
				GCC_WARN_UNUSED_VARIABLE = YES;
				IPHONEOS_DEPLOYMENT_TARGET = 8.0;
				MTL_ENABLE_DEBUG_INFO = NO;
				SDKROOT = iphoneos;
				SWIFT_OPTIMIZATION_LEVEL = "-Owholemodule";
				SWIFT_VERSION = 2.3;
				TARGETED_DEVICE_FAMILY = "1,2";
				VALIDATE_PRODUCT = YES;
			};
			name = Release;
		};
		CC885DBF1BCB3481001B771F /* Debug */ = {
			isa = XCBuildConfiguration;
			buildSettings = {
				ALWAYS_EMBED_SWIFT_STANDARD_LIBRARIES = YES;
				ASSETCATALOG_COMPILER_APPICON_NAME = AppIcon;
				INFOPLIST_FILE = "SampleApp-iOS/Info.plist";
				LD_RUNPATH_SEARCH_PATHS = "$(inherited) @executable_path/Frameworks";
				PRODUCT_BUNDLE_IDENTIFIER = "com.fobj.SampleApp-iOS";
				PRODUCT_NAME = "$(TARGET_NAME)";
			};
			name = Debug;
		};
		CC885DC01BCB3481001B771F /* Release */ = {
			isa = XCBuildConfiguration;
			buildSettings = {
				ALWAYS_EMBED_SWIFT_STANDARD_LIBRARIES = YES;
				ASSETCATALOG_COMPILER_APPICON_NAME = AppIcon;
				INFOPLIST_FILE = "SampleApp-iOS/Info.plist";
				LD_RUNPATH_SEARCH_PATHS = "$(inherited) @executable_path/Frameworks";
				PRODUCT_BUNDLE_IDENTIFIER = "com.fobj.SampleApp-iOS";
				PRODUCT_NAME = "$(TARGET_NAME)";
			};
			name = Release;
		};
/* End XCBuildConfiguration section */

/* Begin XCConfigurationList section */
		CC885DA71BCB3481001B771F /* Build configuration list for PBXProject "SampleApp-iOS" */ = {
			isa = XCConfigurationList;
			buildConfigurations = (
				CC885DBC1BCB3481001B771F /* Debug */,
				CC885DBD1BCB3481001B771F /* Release */,
			);
			defaultConfigurationIsVisible = 0;
			defaultConfigurationName = Release;
		};
		CC885DBE1BCB3481001B771F /* Build configuration list for PBXNativeTarget "SampleApp-iOS" */ = {
			isa = XCConfigurationList;
			buildConfigurations = (
				CC885DBF1BCB3481001B771F /* Debug */,
				CC885DC01BCB3481001B771F /* Release */,
			);
			defaultConfigurationIsVisible = 0;
			defaultConfigurationName = Release;
		};
/* End XCConfigurationList section */
	};
	rootObject = CC885DA41BCB3481001B771F /* Project object */;
}
